
Microsoft Visual Studio Solution File, Format Version 12.00
# Visual Studio Version 16
VisualStudioVersion = 16.0.30907.101
MinimumVisualStudioVersion = 10.0.40219.1
Project("{9A19103F-16F7-4668-BE54-9A1E7A4F7556}") = "Entities", "Entities\Entities.csproj", "{6E83CB23-817E-4696-92F9-C1C7FBC2F64D}"
EndProject
Project("{9A19103F-16F7-4668-BE54-9A1E7A4F7556}") = "DataAccess", "DataAccess\DataAccess.csproj", "{E3AD35CB-602B-46BC-9E4C-EB2BEB2BC32F}"
EndProject
Project("{9A19103F-16F7-4668-BE54-9A1E7A4F7556}") = "Business", "Business\Business.csproj", "{22DF7C4F-E732-4F55-BD94-1F91B1AD8ECC}"
EndProject
Project("{9A19103F-16F7-4668-BE54-9A1E7A4F7556}") = "Core", "Core\Core.csproj", "{C4C45498-C029-4F74-A656-05654BDA80A4}"
EndProject
Project("{FAE04EC0-301F-11D3-BF4B-00C04F79EFBC}") = "ConsoleUI", "ConsoleUI\ConsoleUI.csproj", "{72FDF9C7-EACB-46CE-8A2D-5B24045276DC}"
EndProject
Global
	GlobalSection(SolutionConfigurationPlatforms) = preSolution
		Debug|Any CPU = Debug|Any CPU
		Release|Any CPU = Release|Any CPU
	EndGlobalSection
	GlobalSection(ProjectConfigurationPlatforms) = postSolution
		{6E83CB23-817E-4696-92F9-C1C7FBC2F64D}.Debug|Any CPU.ActiveCfg = Debug|Any CPU
		{6E83CB23-817E-4696-92F9-C1C7FBC2F64D}.Debug|Any CPU.Build.0 = Debug|Any CPU
		{6E83CB23-817E-4696-92F9-C1C7FBC2F64D}.Release|Any CPU.ActiveCfg = Release|Any CPU
		{6E83CB23-817E-4696-92F9-C1C7FBC2F64D}.Release|Any CPU.Build.0 = Release|Any CPU
		{E3AD35CB-602B-46BC-9E4C-EB2BEB2BC32F}.Debug|Any CPU.ActiveCfg = Debug|Any CPU
		{E3AD35CB-602B-46BC-9E4C-EB2BEB2BC32F}.Debug|Any CPU.Build.0 = Debug|Any CPU
		{E3AD35CB-602B-46BC-9E4C-EB2BEB2BC32F}.Release|Any CPU.ActiveCfg = Release|Any CPU
		{E3AD35CB-602B-46BC-9E4C-EB2BEB2BC32F}.Release|Any CPU.Build.0 = Release|Any CPU
		{22DF7C4F-E732-4F55-BD94-1F91B1AD8ECC}.Debug|Any CPU.ActiveCfg = Debug|Any CPU
		{22DF7C4F-E732-4F55-BD94-1F91B1AD8ECC}.Debug|Any CPU.Build.0 = Debug|Any CPU
		{22DF7C4F-E732-4F55-BD94-1F91B1AD8ECC}.Release|Any CPU.ActiveCfg = Release|Any CPU
		{22DF7C4F-E732-4F55-BD94-1F91B1AD8ECC}.Release|Any CPU.Build.0 = Release|Any CPU
		{C4C45498-C029-4F74-A656-05654BDA80A4}.Debug|Any CPU.ActiveCfg = Debug|Any CPU
		{C4C45498-C029-4F74-A656-05654BDA80A4}.Debug|Any CPU.Build.0 = Debug|Any CPU
		{C4C45498-C029-4F74-A656-05654BDA80A4}.Release|Any CPU.ActiveCfg = Release|Any CPU
		{C4C45498-C029-4F74-A656-05654BDA80A4}.Release|Any CPU.Build.0 = Release|Any CPU
		{72FDF9C7-EACB-46CE-8A2D-5B24045276DC}.Debug|Any CPU.ActiveCfg = Debug|Any CPU
		{72FDF9C7-EACB-46CE-8A2D-5B24045276DC}.Debug|Any CPU.Build.0 = Debug|Any CPU
		{72FDF9C7-EACB-46CE-8A2D-5B24045276DC}.Release|Any CPU.ActiveCfg = Release|Any CPU
		{72FDF9C7-EACB-46CE-8A2D-5B24045276DC}.Release|Any CPU.Build.0 = Release|Any CPU
	EndGlobalSection
	GlobalSection(SolutionProperties) = preSolution
		HideSolutionNode = FALSE
	EndGlobalSection
	GlobalSection(ExtensibilityGlobals) = postSolution
		SolutionGuid = {94A624FC-5A1A-42E1-9E0D-33E9187DDA0B}
	EndGlobalSection
EndGlobal
